PODS:
  - Alamofire (5.1.0)
  - Cosmos (21.0.0)
  - IQKeyboardManagerSwift (6.5.5)
  - Kingfisher (5.13.4):
    - Kingfisher/Core (= 5.13.4)
  - Kingfisher/Core (5.13.4)
  - MOLH (1.3)
  - NVActivityIndicatorView (4.8.0):
    - NVActivityIndicatorView/Presenter (= 4.8.0)
  - NVActivityIndicatorView/Presenter (4.8.0)
  - SideMenu (6.4.8)

DEPENDENCIES:
  - Alamofire
  - Cosmos
  - IQKeyboardManagerSwift
  - Kingfisher
  - MOLH
  - NVActivityIndicatorView
  - SideMenu

SPEC REPOS:
  trunk:
    - Alamofire
    - Cosmos
    - IQKeyboardManagerSwift
    - Kingfisher
    - MOLH
    - NVActivityIndicatorView
    - SideMenu

SPEC CHECKSUMS:
  Alamofire: 9d5c5f602928e512395b30950c5984eca840093c
  Cosmos: 3dfb6e4ba48bd48b8c9aa2a77048ae11ed114f96
  IQKeyboardManagerSwift: 0fb93310284665245591f50f7a5e38de615960b7
  Kingfisher: d2279a7abece3c7f25a80cd2b7f363ca5cf3f44c
  MOLH: a31ef0b87351074d81253606a96b290f9eca161a
  NVActivityIndicatorView: d24b7ebcf80af5dcd994adb650e2b6c93379270f
  SideMenu: 4a891be552d30bb6fa87ad404d62e485f8450c34

PODFILE CHECKSUM: e8483ee3c90499e0269383fbb7d4bd0bedef28fc

COCOAPODS: 1.9.1
